
Microsoft Visual Studio Solution File, Format Version 12.00
# Visual Studio 15
VisualStudioVersion = 15.0.28307.168
MinimumVisualStudioVersion = 10.0.40219.1
Project("{FAE04EC0-301F-11D3-BF4B-00C04F79EFBC}") = "AtmApp", "AtmApp\AtmApp.csproj", "{D4A71D8D-82FA-4A59-BC4F-5212F34C9A63}"
EndProject
Project("{FAE04EC0-301F-11D3-BF4B-00C04F79EFBC}") = "AtmTests", "AtmTests\AtmTests.csproj", "{8C506B36-A904-41FB-B870-A99AD993396B}"
EndProject
Global
	GlobalSection(SolutionConfigurationPlatforms) = preSolution
		Debug|Any CPU = Debug|Any CPU
		Release|Any CPU = Release|Any CPU
	EndGlobalSection
	GlobalSection(ProjectConfigurationPlatforms) = postSolution
		{D4A71D8D-82FA-4A59-BC4F-5212F34C9A63}.Debug|Any CPU.ActiveCfg = Debug|Any CPU
		{D4A71D8D-82FA-4A59-BC4F-5212F34C9A63}.Debug|Any CPU.Build.0 = Debug|Any CPU
		{D4A71D8D-82FA-4A59-BC4F-5212F34C9A63}.Release|Any CPU.ActiveCfg = Release|Any CPU
		{D4A71D8D-82FA-4A59-BC4F-5212F34C9A63}.Release|Any CPU.Build.0 = Release|Any CPU
		{8C506B36-A904-41FB-B870-A99AD993396B}.Debug|Any CPU.ActiveCfg = Debug|Any CPU
		{8C506B36-A904-41FB-B870-A99AD993396B}.Debug|Any CPU.Build.0 = Debug|Any CPU
		{8C506B36-A904-41FB-B870-A99AD993396B}.Release|Any CPU.ActiveCfg = Release|Any CPU
		{8C506B36-A904-41FB-B870-A99AD993396B}.Release|Any CPU.Build.0 = Release|Any CPU
	EndGlobalSection
	GlobalSection(SolutionProperties) = preSolution
		HideSolutionNode = FALSE
	EndGlobalSection
	GlobalSection(ExtensibilityGlobals) = postSolution
		SolutionGuid = {6CD2FD86-5F63-4E40-8CE6-D24DCFB56C12}
	EndGlobalSection
EndGlobal
